
Microsoft Visual Studio Solution File, Format Version 12.00
# Visual Studio Version 16
VisualStudioVersion = 16.0.29230.47
MinimumVisualStudioVersion = 10.0.40219.1
Project("{FAE04EC0-301F-11D3-BF4B-00C04F79EFBC}") = "Constructor_And_Destructor", "Constructor_And_Destructor\Constructor_And_Destructor.csproj", "{D73EAC4F-F37E-42D3-86EB-EB14FDC7490E}"
EndProject
Global
	GlobalSection(SolutionConfigurationPlatforms) = preSolution
		Debug|Any CPU = Debug|Any CPU
		Release|Any CPU = Release|Any CPU
	EndGlobalSection
	GlobalSection(ProjectConfigurationPlatforms) = postSolution
		{D73EAC4F-F37E-42D3-86EB-EB14FDC7490E}.Debug|Any CPU.ActiveCfg = Debug|Any CPU
		{D73EAC4F-F37E-42D3-86EB-EB14FDC7490E}.Debug|Any CPU.Build.0 = Debug|Any CPU
		{D73EAC4F-F37E-42D3-86EB-EB14FDC7490E}.Release|Any CPU.ActiveCfg = Release|Any CPU
		{D73EAC4F-F37E-42D3-86EB-EB14FDC7490E}.Release|Any CPU.Build.0 = Release|Any CPU
	EndGlobalSection
	GlobalSection(SolutionProperties) = preSolution
		HideSolutionNode = FALSE
	EndGlobalSection
	GlobalSection(ExtensibilityGlobals) = postSolution
		SolutionGuid = {1A1804CC-E697-48A9-BE06-BA0827845563}
	EndGlobalSection
EndGlobal
